
Microsoft Visual Studio Solution File, Format Version 12.00
# Visual Studio Version 17
VisualStudioVersion = 17.3.32929.385
MinimumVisualStudioVersion = 10.0.40219.1
Project("{FAE04EC0-301F-11D3-BF4B-00C04F79EFBC}") = "SRT-Delayer", "SRT-Delayer\SRT-Delayer.csproj", "{30660284-8532-4CE3-8178-48F583A0455B}"
EndProject
Global
	GlobalSection(SolutionConfigurationPlatforms) = preSolution
		Debug|Any CPU = Debug|Any CPU
		Release|Any CPU = Release|Any CPU
	EndGlobalSection
	GlobalSection(ProjectConfigurationPlatforms) = postSolution
		{30660284-8532-4CE3-8178-48F583A0455B}.Debug|Any CPU.ActiveCfg = Debug|Any CPU
		{30660284-8532-4CE3-8178-48F583A0455B}.Debug|Any CPU.Build.0 = Debug|Any CPU
		{30660284-8532-4CE3-8178-48F583A0455B}.Release|Any CPU.ActiveCfg = Release|Any CPU
		{30660284-8532-4CE3-8178-48F583A0455B}.Release|Any CPU.Build.0 = Release|Any CPU
	EndGlobalSection
	GlobalSection(SolutionProperties) = preSolution
		HideSolutionNode = FALSE
	EndGlobalSection
	GlobalSection(ExtensibilityGlobals) = postSolution
		SolutionGuid = {4B9177E2-6056-4015-A713-E6AE112AA2B2}
	EndGlobalSection
EndGlobal
